
Microsoft Visual Studio Solution File, Format Version 12.00
# Visual Studio 15
VisualStudioVersion = 15.0.26228.9
MinimumVisualStudioVersion = 10.0.40219.1
Project("{FAE04EC0-301F-11D3-BF4B-00C04F79EFBC}") = "Data Structures", "Data Structures\Data Structures.csproj", "{F9095417-CA27-4A7F-8008-BCEF1CACEF32}"
EndProject
Project("{FAE04EC0-301F-11D3-BF4B-00C04F79EFBC}") = "Data Structures.Testing", "Data Structures.Testing\Data Structures.Testing.csproj", "{9CAC6F9A-03C1-43CA-A77E-958A815CEFBD}"
EndProject
Global
	GlobalSection(SolutionConfigurationPlatforms) = preSolution
		Debug|Any CPU = Debug|Any CPU
		Release|Any CPU = Release|Any CPU
	EndGlobalSection
	GlobalSection(ProjectConfigurationPlatforms) = postSolution
		{F9095417-CA27-4A7F-8008-BCEF1CACEF32}.Debug|Any CPU.ActiveCfg = Debug|Any CPU
		{F9095417-CA27-4A7F-8008-BCEF1CACEF32}.Debug|Any CPU.Build.0 = Debug|Any CPU
		{F9095417-CA27-4A7F-8008-BCEF1CACEF32}.Release|Any CPU.ActiveCfg = Release|Any CPU
		{F9095417-CA27-4A7F-8008-BCEF1CACEF32}.Release|Any CPU.Build.0 = Release|Any CPU
		{9CAC6F9A-03C1-43CA-A77E-958A815CEFBD}.Debug|Any CPU.ActiveCfg = Debug|Any CPU
		{9CAC6F9A-03C1-43CA-A77E-958A815CEFBD}.Debug|Any CPU.Build.0 = Debug|Any CPU
		{9CAC6F9A-03C1-43CA-A77E-958A815CEFBD}.Release|Any CPU.ActiveCfg = Release|Any CPU
		{9CAC6F9A-03C1-43CA-A77E-958A815CEFBD}.Release|Any CPU.Build.0 = Release|Any CPU
	EndGlobalSection
	GlobalSection(SolutionProperties) = preSolution
		HideSolutionNode = FALSE
	EndGlobalSection
EndGlobal
